
Microsoft Visual Studio Solution File, Format Version 12.00
# Visual Studio Version 16
VisualStudioVersion = 16.0.30204.135
MinimumVisualStudioVersion = 10.0.40219.1
Project("{9A19103F-16F7-4668-BE54-9A1E7A4F7556}") = "Winc.Api", "Winc.Api\Winc.Api.csproj", "{870D73F3-C91B-4233-8646-207291E4D603}"
EndProject
Project("{9A19103F-16F7-4668-BE54-9A1E7A4F7556}") = "Winc.Shared.EntityFrameworkCore", "Winc.Shared.EntityFrameworkCore\Winc.Shared.EntityFrameworkCore.csproj", "{664EF364-623F-4F3B-A0E9-45632ED3FC56}"
EndProject
Project("{9A19103F-16F7-4668-BE54-9A1E7A4F7556}") = "Winc.Library", "Winc.Library\Winc.Library.csproj", "{B34A1686-D77D-45EE-BF80-456389E8C3C1}"
EndProject
Global
	GlobalSection(SolutionConfigurationPlatforms) = preSolution
		Debug|Any CPU = Debug|Any CPU
		Release|Any CPU = Release|Any CPU
	EndGlobalSection
	GlobalSection(ProjectConfigurationPlatforms) = postSolution
		{870D73F3-C91B-4233-8646-207291E4D603}.Debug|Any CPU.ActiveCfg = Debug|Any CPU
		{870D73F3-C91B-4233-8646-207291E4D603}.Debug|Any CPU.Build.0 = Debug|Any CPU
		{870D73F3-C91B-4233-8646-207291E4D603}.Release|Any CPU.ActiveCfg = Release|Any CPU
		{870D73F3-C91B-4233-8646-207291E4D603}.Release|Any CPU.Build.0 = Release|Any CPU
		{664EF364-623F-4F3B-A0E9-45632ED3FC56}.Debug|Any CPU.ActiveCfg = Debug|Any CPU
		{664EF364-623F-4F3B-A0E9-45632ED3FC56}.Debug|Any CPU.Build.0 = Debug|Any CPU
		{664EF364-623F-4F3B-A0E9-45632ED3FC56}.Release|Any CPU.ActiveCfg = Release|Any CPU
		{664EF364-623F-4F3B-A0E9-45632ED3FC56}.Release|Any CPU.Build.0 = Release|Any CPU
		{B34A1686-D77D-45EE-BF80-456389E8C3C1}.Debug|Any CPU.ActiveCfg = Debug|Any CPU
		{B34A1686-D77D-45EE-BF80-456389E8C3C1}.Debug|Any CPU.Build.0 = Debug|Any CPU
		{B34A1686-D77D-45EE-BF80-456389E8C3C1}.Release|Any CPU.ActiveCfg = Release|Any CPU
		{B34A1686-D77D-45EE-BF80-456389E8C3C1}.Release|Any CPU.Build.0 = Release|Any CPU
	EndGlobalSection
	GlobalSection(SolutionProperties) = preSolution
		HideSolutionNode = FALSE
	EndGlobalSection
	GlobalSection(ExtensibilityGlobals) = postSolution
		SolutionGuid = {12DEF41E-53EC-47AE-9E1C-125A5B3F5880}
	EndGlobalSection
EndGlobal
